PODS:
  - Alamofire (4.9.1)
  - AltySwiftCentrifuge (0.0.4):
    - Starscream (~> 3.1)
    - SwiftProtobuf
  - InstantMock (2.5.4)
  - KeychainAccess (4.1.0)
  - Nimble (8.0.4)
  - Starscream (3.1.1)
  - SwiftProtobuf (1.7.0)
  - Swinject (2.7.1)
  - SwinjectStoryboard (2.2.0):
    - Swinject (~> 2.7.1)

DEPENDENCIES:
  - Alamofire
  - AltySwiftCentrifuge
  - InstantMock
  - KeychainAccess
  - Nimble
  - Swinject
  - SwinjectStoryboard (from `https://github.com/Swinject/SwinjectStoryboard.git`, branch `master`)

SPEC REPOS:
  "git@bitbucket.org:alterplay/alty-ios-podspecs":
    - AltySwiftCentrifuge
  https://github.com/CocoaPods/Specs.git:
    - Starscream
    - SwiftProtobuf
    - Swinject
  trunk:
    - Alamofire
    - InstantMock
    - KeychainAccess
    - Nimble

EXTERNAL SOURCES:
  SwinjectStoryboard:
    :branch: master
    :git: https://github.com/Swinject/SwinjectStoryboard.git

CHECKOUT OPTIONS:
  SwinjectStoryboard:
    :commit: 0ca45c83a8aa398c153d8a036c95abb4343cfa0c
    :git: https://github.com/Swinject/SwinjectStoryboard.git

SPEC CHECKSUMS:
  Alamofire: 85e8a02c69d6020a0d734f6054870d7ecb75cf18
  AltySwiftCentrifuge: eb55f011f2641e6fb9630fcf3cee3a3473e9f6ce
  InstantMock: b078864ae725de35aff01510afa8b668b666fc2d
  KeychainAccess: 445e28864fe6d3458b41fa211bcdc39890e8bd5a
  Nimble: 18d5360282923225d62b09d781f63abc1a0111fc
  Starscream: 4bb2f9942274833f7b4d296a55504dcfc7edb7b0
  SwiftProtobuf: 4fd9645e69b72cbae6ec8da5be0cdd20ca6565dd
  Swinject: ddf78b8486dd9b71a667b852cad919ab4484478e
  SwinjectStoryboard: f0d5b1c16459949d6ff1cbb6610107946b18e1f8

PODFILE CHECKSUM: 21ccd8d228aa25e3ceee56e28c956de08b41c44e

COCOAPODS: 1.8.4
