// !$*UTF8*$!
{
	archiveVersion = 1;
	classes = {
	};
	objectVersion = 51;
	objects = {

/* Begin PBXBuildFile section */
		5ACAC41580DA88E47C71925F /* Pods_AltyCore.framework in Frameworks */ = {isa = PBXBuildFile; fileRef = A42C5488FCD43E7884870DE4 /* Pods_AltyCore.framework */; };
		87532FAC23C766AE00613078 /* SwinjectStoryboard+Convenience.swift in Sources */ = {isa = PBXBuildFile; fileRef = 87532FAB23C766AE00613078 /* SwinjectStoryboard+Convenience.swift */; };
		87532FAF23C76A7100613078 /* ModuleFactory.swift in Sources */ = {isa = PBXBuildFile; fileRef = 87532FAE23C76A7100613078 /* ModuleFactory.swift */; };
		9E9358698A15F9C11C636F23 /* Pods_AltyCoreTests.framework in Frameworks */ = {isa = PBXBuildFile; fileRef = C0D941CC5DEBF7D40DC02727 /* Pods_AltyCoreTests.framework */; };
		C31C7A5223B4EE0D00F17226 /* AltyCore.framework in Frameworks */ = {isa = PBXBuildFile; fileRef = C3A88A6823B25C38006D7ACB /* AltyCore.framework */; };
		C3A88A6D23B25C38006D7ACB /* AltyCore.h in Headers */ = {isa = PBXBuildFile; fileRef = C3A88A6B23B25C38006D7ACB /* AltyCore.h */; settings = {ATTRIBUTES = (Public, ); }; };
		C3A88A9823B27B0E006D7ACB /* SecureStorageProvider.swift in Sources */ = {isa = PBXBuildFile; fileRef = C3A88A9723B27B0E006D7ACB /* SecureStorageProvider.swift */; };
		C3A88AA023B27B52006D7ACB /* CDPersistenceStore.swift in Sources */ = {isa = PBXBuildFile; fileRef = C3A88A9E23B27B52006D7ACB /* CDPersistenceStore.swift */; };
		C3A88AA123B27B52006D7ACB /* CDPersistenceStoreAdapter.swift in Sources */ = {isa = PBXBuildFile; fileRef = C3A88A9F23B27B52006D7ACB /* CDPersistenceStoreAdapter.swift */; };
		C3A88AA323B27BB1006D7ACB /* NotificationCenterService.swift in Sources */ = {isa = PBXBuildFile; fileRef = C3A88AA223B27BB1006D7ACB /* NotificationCenterService.swift */; };
		C3A88AA523B27BC6006D7ACB /* KeyboardVisibilityObserver.swift in Sources */ = {isa = PBXBuildFile; fileRef = C3A88AA423B27BC6006D7ACB /* KeyboardVisibilityObserver.swift */; };
		C3A88AA723B27BCE006D7ACB /* BiometricAuthService.swift in Sources */ = {isa = PBXBuildFile; fileRef = C3A88AA623B27BCE006D7ACB /* BiometricAuthService.swift */; };
		C3A88AA923B27BDB006D7ACB /* MultitaskUIHandler.swift in Sources */ = {isa = PBXBuildFile; fileRef = C3A88AA823B27BDB006D7ACB /* MultitaskUIHandler.swift */; };
		C3D106C723B4E55B002360E0 /* StorageKey.swift in Sources */ = {isa = PBXBuildFile; fileRef = C3D106C623B4E55B002360E0 /* StorageKey.swift */; };
		C3E15D8723C5E7CB0089457E /* CentrifugeService.swift in Sources */ = {isa = PBXBuildFile; fileRef = C3E15D8523C5E7CB0089457E /* CentrifugeService.swift */; };
		C3E15D8823C5E7CB0089457E /* CentrifugeService.swift in Sources */ = {isa = PBXBuildFile; fileRef = C3E15D8523C5E7CB0089457E /* CentrifugeService.swift */; };
		C3E15D8923C5E7CB0089457E /* CentrifugeBuilder.swift in Sources */ = {isa = PBXBuildFile; fileRef = C3E15D8623C5E7CB0089457E /* CentrifugeBuilder.swift */; };
		C3E15D8A23C5E7CB0089457E /* CentrifugeBuilder.swift in Sources */ = {isa = PBXBuildFile; fileRef = C3E15D8623C5E7CB0089457E /* CentrifugeBuilder.swift */; };
		D97F65BB23C1E9F000392C3E /* UserDefaultsProviderTests.swift in Sources */ = {isa = PBXBuildFile; fileRef = D97F65BA23C1E9F000392C3E /* UserDefaultsProviderTests.swift */; };
		D97F65BC23C1EEC100392C3E /* UserDefaultProvider.swift in Sources */ = {isa = PBXBuildFile; fileRef = C3A88A9623B27AFC006D7ACB /* UserDefaultProvider.swift */; };
		D97F65BD23C1EED300392C3E /* ConnectivityService.swift in Sources */ = {isa = PBXBuildFile; fileRef = C3A88A9D23B27B3E006D7ACB /* ConnectivityService.swift */; };
		D97F65C223C1F53100392C3E /* CDPersistenceStoreTests.swift in Sources */ = {isa = PBXBuildFile; fileRef = D97F65C123C1F53100392C3E /* CDPersistenceStoreTests.swift */; };
		D97F65C623C1F56B00392C3E /* mock-model.xcdatamodeld in Sources */ = {isa = PBXBuildFile; fileRef = D97F65C423C1F56B00392C3E /* mock-model.xcdatamodeld */; };
/* End PBXBuildFile section */

/* Begin PBXContainerItemProxy section */
		C31C7A5323B4EE0D00F17226 /* PBXContainerItemProxy */ = {
			isa = PBXContainerItemProxy;
			containerPortal = C3A88A5F23B25C38006D7ACB /* Project object */;
			proxyType = 1;
			remoteGlobalIDString = C3A88A6723B25C38006D7ACB;
			remoteInfo = AltyCore;
		};
/* End PBXContainerItemProxy section */

/* Begin PBXFileReference section */
		1DA1973DB8DB412A575B9B00 /* Pods-AltyCore.release.xcconfig */ = {isa = PBXFileReference; includeInIndex = 1; lastKnownFileType = text.xcconfig; name = "Pods-AltyCore.release.xcconfig"; path = "Target Support Files/Pods-AltyCore/Pods-AltyCore.release.xcconfig"; sourceTree = "<group>"; };
		4970DF5B9AAA371FB314A4EB /* Pods-AltyCore.debug.xcconfig */ = {isa = PBXFileReference; includeInIndex = 1; lastKnownFileType = text.xcconfig; name = "Pods-AltyCore.debug.xcconfig"; path = "Target Support Files/Pods-AltyCore/Pods-AltyCore.debug.xcconfig"; sourceTree = "<group>"; };
		5ABEF9829DE8D4EFAD012ADC /* Pods-AltyCoreTests.release.xcconfig */ = {isa = PBXFileReference; includeInIndex = 1; lastKnownFileType = text.xcconfig; name = "Pods-AltyCoreTests.release.xcconfig"; path = "Target Support Files/Pods-AltyCoreTests/Pods-AltyCoreTests.release.xcconfig"; sourceTree = "<group>"; };
		87532FAB23C766AE00613078 /* SwinjectStoryboard+Convenience.swift */ = {isa = PBXFileReference; lastKnownFileType = sourcecode.swift; path = "SwinjectStoryboard+Convenience.swift"; sourceTree = "<group>"; };
		87532FAE23C76A7100613078 /* ModuleFactory.swift */ = {isa = PBXFileReference; lastKnownFileType = sourcecode.swift; path = ModuleFactory.swift; sourceTree = "<group>"; };
		A42C5488FCD43E7884870DE4 /* Pods_AltyCore.framework */ = {isa = PBXFileReference; explicitFileType = wrapper.framework; includeInIndex = 0; path = Pods_AltyCore.framework; sourceTree = BUILT_PRODUCTS_DIR; };
		C0D941CC5DEBF7D40DC02727 /* Pods_AltyCoreTests.framework */ = {isa = PBXFileReference; explicitFileType = wrapper.framework; includeInIndex = 0; path = Pods_AltyCoreTests.framework; sourceTree = BUILT_PRODUCTS_DIR; };
		C31C7A4D23B4EE0D00F17226 /* AltyCoreTests.xctest */ = {isa = PBXFileReference; explicitFileType = wrapper.cfbundle; includeInIndex = 0; path = AltyCoreTests.xctest; sourceTree = BUILT_PRODUCTS_DIR; };
		C31C7A5123B4EE0D00F17226 /* Info.plist */ = {isa = PBXFileReference; lastKnownFileType = text.plist.xml; path = Info.plist; sourceTree = "<group>"; };
		C3A88A6823B25C38006D7ACB /* AltyCore.framework */ = {isa = PBXFileReference; explicitFileType = wrapper.framework; includeInIndex = 0; path = AltyCore.framework; sourceTree = BUILT_PRODUCTS_DIR; };
		C3A88A6B23B25C38006D7ACB /* AltyCore.h */ = {isa = PBXFileReference; lastKnownFileType = sourcecode.c.h; path = AltyCore.h; sourceTree = "<group>"; };
		C3A88A6C23B25C38006D7ACB /* Info.plist */ = {isa = PBXFileReference; lastKnownFileType = text.plist.xml; path = Info.plist; sourceTree = "<group>"; };
		C3A88A9623B27AFC006D7ACB /* UserDefaultProvider.swift */ = {isa = PBXFileReference; lastKnownFileType = sourcecode.swift; path = UserDefaultProvider.swift; sourceTree = "<group>"; };
		C3A88A9723B27B0E006D7ACB /* SecureStorageProvider.swift */ = {isa = PBXFileReference; fileEncoding = 4; lastKnownFileType = sourcecode.swift; path = SecureStorageProvider.swift; sourceTree = "<group>"; };
		C3A88A9D23B27B3E006D7ACB /* ConnectivityService.swift */ = {isa = PBXFileReference; lastKnownFileType = sourcecode.swift; path = ConnectivityService.swift; sourceTree = "<group>"; };
		C3A88A9E23B27B52006D7ACB /* CDPersistenceStore.swift */ = {isa = PBXFileReference; fileEncoding = 4; lastKnownFileType = sourcecode.swift; path = CDPersistenceStore.swift; sourceTree = "<group>"; };
		C3A88A9F23B27B52006D7ACB /* CDPersistenceStoreAdapter.swift */ = {isa = PBXFileReference; fileEncoding = 4; lastKnownFileType = sourcecode.swift; path = CDPersistenceStoreAdapter.swift; sourceTree = "<group>"; };
		C3A88AA223B27BB1006D7ACB /* NotificationCenterService.swift */ = {isa = PBXFileReference; fileEncoding = 4; lastKnownFileType = sourcecode.swift; path = NotificationCenterService.swift; sourceTree = "<group>"; };
		C3A88AA423B27BC6006D7ACB /* KeyboardVisibilityObserver.swift */ = {isa = PBXFileReference; lastKnownFileType = sourcecode.swift; path = KeyboardVisibilityObserver.swift; sourceTree = "<group>"; };
		C3A88AA623B27BCE006D7ACB /* BiometricAuthService.swift */ = {isa = PBXFileReference; lastKnownFileType = sourcecode.swift; path = BiometricAuthService.swift; sourceTree = "<group>"; };
		C3A88AA823B27BDB006D7ACB /* MultitaskUIHandler.swift */ = {isa = PBXFileReference; fileEncoding = 4; lastKnownFileType = sourcecode.swift; path = MultitaskUIHandler.swift; sourceTree = "<group>"; };
		C3D106C623B4E55B002360E0 /* StorageKey.swift */ = {isa = PBXFileReference; fileEncoding = 4; lastKnownFileType = sourcecode.swift; path = StorageKey.swift; sourceTree = "<group>"; };
		C3E15D8523C5E7CB0089457E /* CentrifugeService.swift */ = {isa = PBXFileReference; fileEncoding = 4; lastKnownFileType = sourcecode.swift; path = CentrifugeService.swift; sourceTree = "<group>"; };
		C3E15D8623C5E7CB0089457E /* CentrifugeBuilder.swift */ = {isa = PBXFileReference; fileEncoding = 4; lastKnownFileType = sourcecode.swift; path = CentrifugeBuilder.swift; sourceTree = "<group>"; };
		D97F65BA23C1E9F000392C3E /* UserDefaultsProviderTests.swift */ = {isa = PBXFileReference; lastKnownFileType = sourcecode.swift; path = UserDefaultsProviderTests.swift; sourceTree = "<group>"; };
		D97F65C123C1F53100392C3E /* CDPersistenceStoreTests.swift */ = {isa = PBXFileReference; lastKnownFileType = sourcecode.swift; path = CDPersistenceStoreTests.swift; sourceTree = "<group>"; };
		D97F65C523C1F56B00392C3E /* mock-model.xcdatamodel */ = {isa = PBXFileReference; lastKnownFileType = wrapper.xcdatamodel; path = "mock-model.xcdatamodel"; sourceTree = "<group>"; };
		F1B3D1C2CF941A91FA6704B7 /* Pods-AltyCoreTests.debug.xcconfig */ = {isa = PBXFileReference; includeInIndex = 1; lastKnownFileType = text.xcconfig; name = "Pods-AltyCoreTests.debug.xcconfig"; path = "Target Support Files/Pods-AltyCoreTests/Pods-AltyCoreTests.debug.xcconfig"; sourceTree = "<group>"; };
/* End PBXFileReference section */

/* Begin PBXFrameworksBuildPhase section */
		C31C7A4A23B4EE0D00F17226 /* Frameworks */ = {
			isa = PBXFrameworksBuildPhase;
			buildActionMask = 2147483647;
			files = (
				C31C7A5223B4EE0D00F17226 /* AltyCore.framework in Frameworks */,
				9E9358698A15F9C11C636F23 /* Pods_AltyCoreTests.framework in Frameworks */,
			);
			runOnlyForDeploymentPostprocessing = 0;
		};
		C3A88A6523B25C38006D7ACB /* Frameworks */ = {
			isa = PBXFrameworksBuildPhase;
			buildActionMask = 2147483647;
			files = (
				5ACAC41580DA88E47C71925F /* Pods_AltyCore.framework in Frameworks */,
			);
			runOnlyForDeploymentPostprocessing = 0;
		};
/* End PBXFrameworksBuildPhase section */

/* Begin PBXGroup section */
		63BE893FEB9F87ABF8587ED1 /* Frameworks */ = {
			isa = PBXGroup;
			children = (
				A42C5488FCD43E7884870DE4 /* Pods_AltyCore.framework */,
				C0D941CC5DEBF7D40DC02727 /* Pods_AltyCoreTests.framework */,
			);
			name = Frameworks;
			sourceTree = "<group>";
		};
		87532FAA23C7668100613078 /* Extension */ = {
			isa = PBXGroup;
			children = (
				87532FAB23C766AE00613078 /* SwinjectStoryboard+Convenience.swift */,
			);
			path = Extension;
			sourceTree = "<group>";
		};
		87532FAD23C76A5E00613078 /* Factories */ = {
			isa = PBXGroup;
			children = (
				87532FAE23C76A7100613078 /* ModuleFactory.swift */,
			);
			path = Factories;
			sourceTree = "<group>";
		};
		9899E7890562FFC67A10BCC0 /* Pods */ = {
			isa = PBXGroup;
			children = (
				4970DF5B9AAA371FB314A4EB /* Pods-AltyCore.debug.xcconfig */,
				1DA1973DB8DB412A575B9B00 /* Pods-AltyCore.release.xcconfig */,
				F1B3D1C2CF941A91FA6704B7 /* Pods-AltyCoreTests.debug.xcconfig */,
				5ABEF9829DE8D4EFAD012ADC /* Pods-AltyCoreTests.release.xcconfig */,
			);
			path = Pods;
			sourceTree = "<group>";
		};
		C31C7A4E23B4EE0D00F17226 /* AltyCoreTests */ = {
			isa = PBXGroup;
			children = (
				C31C7A5123B4EE0D00F17226 /* Info.plist */,
				D97F65C323C1F55200392C3E /* _Mocks */,
				D97F65B923C1E9D300392C3E /* DefaultsStorage */,
				D97F65C023C1F50D00392C3E /* Persistence */,
			);
			path = AltyCoreTests;
			sourceTree = "<group>";
		};
		C34B9F6223B397880005A85C /* Supporting */ = {
			isa = PBXGroup;
			children = (
				C3A88A6B23B25C38006D7ACB /* AltyCore.h */,
				C3A88A6C23B25C38006D7ACB /* Info.plist */,
			);
			path = Supporting;
			sourceTree = "<group>";
		};
		C3A88A5E23B25C38006D7ACB = {
			isa = PBXGroup;
			children = (
				C3A88A6A23B25C38006D7ACB /* AltyCore */,
				C31C7A4E23B4EE0D00F17226 /* AltyCoreTests */,
				C3A88A6923B25C38006D7ACB /* Products */,
				9899E7890562FFC67A10BCC0 /* Pods */,
				63BE893FEB9F87ABF8587ED1 /* Frameworks */,
			);
			sourceTree = "<group>";
		};
		C3A88A6923B25C38006D7ACB /* Products */ = {
			isa = PBXGroup;
			children = (
				C3A88A6823B25C38006D7ACB /* AltyCore.framework */,
				C31C7A4D23B4EE0D00F17226 /* AltyCoreTests.xctest */,
			);
			name = Products;
			sourceTree = "<group>";
		};
		C3A88A6A23B25C38006D7ACB /* AltyCore */ = {
			isa = PBXGroup;
			children = (
				C34B9F6223B397880005A85C /* Supporting */,
				C3A88A9523B27AE3006D7ACB /* Sources */,
			);
			path = AltyCore;
			sourceTree = "<group>";
		};
		C3A88A9523B27AE3006D7ACB /* Sources */ = {
			isa = PBXGroup;
			children = (
				C3EBCECE23B4E3D3002D6426 /* DefaultsStorage */,
				C3EBCECF23B4E3E1002D6426 /* Persistence */,
				C3EBCED123B4E403002D6426 /* Authentication */,
				C3EBCED223B4E41F002D6426 /* Tools */,
				C3EBCED023B4E3F2002D6426 /* Networking */,
				87532FAA23C7668100613078 /* Extension */,
				87532FAD23C76A5E00613078 /* Factories */,
			);
			path = Sources;
			sourceTree = "<group>";
		};
		C3E15D8423C5E66B0089457E /* Centrifugo */ = {
			isa = PBXGroup;
			children = (
				C3E15D8623C5E7CB0089457E /* CentrifugeBuilder.swift */,
				C3E15D8523C5E7CB0089457E /* CentrifugeService.swift */,
			);
			path = Centrifugo;
			sourceTree = "<group>";
		};
		C3EBCECE23B4E3D3002D6426 /* DefaultsStorage */ = {
			isa = PBXGroup;
			children = (
				C3A88A9623B27AFC006D7ACB /* UserDefaultProvider.swift */,
				C3A88A9723B27B0E006D7ACB /* SecureStorageProvider.swift */,
				C3D106C623B4E55B002360E0 /* StorageKey.swift */,
			);
			path = DefaultsStorage;
			sourceTree = "<group>";
		};
		C3EBCECF23B4E3E1002D6426 /* Persistence */ = {
			isa = PBXGroup;
			children = (
				C3A88A9E23B27B52006D7ACB /* CDPersistenceStore.swift */,
				C3A88A9F23B27B52006D7ACB /* CDPersistenceStoreAdapter.swift */,
			);
			path = Persistence;
			sourceTree = "<group>";
		};
		C3EBCED023B4E3F2002D6426 /* Networking */ = {
			isa = PBXGroup;
			children = (
				C3E15D8423C5E66B0089457E /* Centrifugo */,
				C3A88A9D23B27B3E006D7ACB /* ConnectivityService.swift */,
			);
			path = Networking;
			sourceTree = "<group>";
		};
		C3EBCED123B4E403002D6426 /* Authentication */ = {
			isa = PBXGroup;
			children = (
				C3A88AA623B27BCE006D7ACB /* BiometricAuthService.swift */,
			);
			path = Authentication;
			sourceTree = "<group>";
		};
		C3EBCED223B4E41F002D6426 /* Tools */ = {
			isa = PBXGroup;
			children = (
				C3A88AA423B27BC6006D7ACB /* KeyboardVisibilityObserver.swift */,
				C3A88AA223B27BB1006D7ACB /* NotificationCenterService.swift */,
				C3A88AA823B27BDB006D7ACB /* MultitaskUIHandler.swift */,
			);
			path = Tools;
			sourceTree = "<group>";
		};
		D97F65B923C1E9D300392C3E /* DefaultsStorage */ = {
			isa = PBXGroup;
			children = (
				D97F65BA23C1E9F000392C3E /* UserDefaultsProviderTests.swift */,
			);
			path = DefaultsStorage;
			sourceTree = "<group>";
		};
		D97F65C023C1F50D00392C3E /* Persistence */ = {
			isa = PBXGroup;
			children = (
				D97F65C123C1F53100392C3E /* CDPersistenceStoreTests.swift */,
			);
			path = Persistence;
			sourceTree = "<group>";
		};
		D97F65C323C1F55200392C3E /* _Mocks */ = {
			isa = PBXGroup;
			children = (
				D97F65C423C1F56B00392C3E /* mock-model.xcdatamodeld */,
			);
			path = _Mocks;
			sourceTree = "<group>";
		};
/* End PBXGroup section */

/* Begin PBXHeadersBuildPhase section */
		C3A88A6323B25C38006D7ACB /* Headers */ = {
			isa = PBXHeadersBuildPhase;
			buildActionMask = 2147483647;
			files = (
				C3A88A6D23B25C38006D7ACB /* AltyCore.h in Headers */,
			);
			runOnlyForDeploymentPostprocessing = 0;
		};
/* End PBXHeadersBuildPhase section */

/* Begin PBXNativeTarget section */
		C31C7A4C23B4EE0D00F17226 /* AltyCoreTests */ = {
			isa = PBXNativeTarget;
			buildConfigurationList = C31C7A5723B4EE0D00F17226 /* Build configuration list for PBXNativeTarget "AltyCoreTests" */;
			buildPhases = (
				AB97E593B0D64A1623A2839C /* [CP] Check Pods Manifest.lock */,
				C31C7A4923B4EE0D00F17226 /* Sources */,
				C31C7A4A23B4EE0D00F17226 /* Frameworks */,
				C31C7A4B23B4EE0D00F17226 /* Resources */,
				AF0D8B17B43ECB522A3EC4A4 /* [CP] Embed Pods Frameworks */,
			);
			buildRules = (
			);
			dependencies = (
				C31C7A5423B4EE0D00F17226 /* PBXTargetDependency */,
			);
			name = AltyCoreTests;
			productName = AltyCoreTests;
			productReference = C31C7A4D23B4EE0D00F17226 /* AltyCoreTests.xctest */;
			productType = "com.apple.product-type.bundle.unit-test";
		};
		C3A88A6723B25C38006D7ACB /* AltyCore */ = {
			isa = PBXNativeTarget;
			buildConfigurationList = C3A88A7023B25C38006D7ACB /* Build configuration list for PBXNativeTarget "AltyCore" */;
			buildPhases = (
				B23AAD715EDF4376FABE8A76 /* [CP] Check Pods Manifest.lock */,
				C3A88A6323B25C38006D7ACB /* Headers */,
				C3A88A6423B25C38006D7ACB /* Sources */,
				C3A88A6523B25C38006D7ACB /* Frameworks */,
				C3A88A6623B25C38006D7ACB /* Resources */,
			);
			buildRules = (
			);
			dependencies = (
			);
			name = AltyCore;
			productName = CBHCore;
			productReference = C3A88A6823B25C38006D7ACB /* AltyCore.framework */;
			productType = "com.apple.product-type.framework";
		};
/* End PBXNativeTarget section */

/* Begin PBXProject section */
		C3A88A5F23B25C38006D7ACB /* Project object */ = {
			isa = PBXProject;
			attributes = {
				LastSwiftUpdateCheck = 1120;
				LastUpgradeCheck = 1120;
				ORGANIZATIONNAME = Alty;
				TargetAttributes = {
					C31C7A4C23B4EE0D00F17226 = {
						CreatedOnToolsVersion = 11.2.1;
					};
					C3A88A6723B25C38006D7ACB = {
						CreatedOnToolsVersion = 11.2.1;
						LastSwiftMigration = 1120;
					};
				};
			};
			buildConfigurationList = C3A88A6223B25C38006D7ACB /* Build configuration list for PBXProject "AltyCore" */;
			compatibilityVersion = "Xcode 9.3";
			developmentRegion = en;
			hasScannedForEncodings = 0;
			knownRegions = (
				en,
				Base,
			);
			mainGroup = C3A88A5E23B25C38006D7ACB;
			productRefGroup = C3A88A6923B25C38006D7ACB /* Products */;
			projectDirPath = "";
			projectRoot = "";
			targets = (
				C3A88A6723B25C38006D7ACB /* AltyCore */,
				C31C7A4C23B4EE0D00F17226 /* AltyCoreTests */,
			);
		};
/* End PBXProject section */

/* Begin PBXResourcesBuildPhase section */
		C31C7A4B23B4EE0D00F17226 /* Resources */ = {
			isa = PBXResourcesBuildPhase;
			buildActionMask = 2147483647;
			files = (
			);
			runOnlyForDeploymentPostprocessing = 0;
		};
		C3A88A6623B25C38006D7ACB /* Resources */ = {
			isa = PBXResourcesBuildPhase;
			buildActionMask = 2147483647;
			files = (
			);
			runOnlyForDeploymentPostprocessing = 0;
		};
/* End PBXResourcesBuildPhase section */

/* Begin PBXShellScriptBuildPhase section */
		AB97E593B0D64A1623A2839C /* [CP] Check Pods Manifest.lock */ = {
			isa = PBXShellScriptBuildPhase;
			buildActionMask = 2147483647;
			files = (
			);
			inputFileListPaths = (
			);
			inputPaths = (
				"${PODS_PODFILE_DIR_PATH}/Podfile.lock",
				"${PODS_ROOT}/Manifest.lock",
			);
			name = "[CP] Check Pods Manifest.lock";
			outputFileListPaths = (
			);
			outputPaths = (
				"$(DERIVED_FILE_DIR)/Pods-AltyCoreTests-checkManifestLockResult.txt",
			);
			runOnlyForDeploymentPostprocessing = 0;
			shellPath = /bin/sh;
			shellScript = "diff \"${PODS_PODFILE_DIR_PATH}/Podfile.lock\" \"${PODS_ROOT}/Manifest.lock\" > /dev/null\nif [ $? != 0 ] ; then\n    # print error to STDERR\n    echo \"error: The sandbox is not in sync with the Podfile.lock. Run 'pod install' or update your CocoaPods installation.\" >&2\n    exit 1\nfi\n# This output is used by Xcode 'outputs' to avoid re-running this script phase.\necho \"SUCCESS\" > \"${SCRIPT_OUTPUT_FILE_0}\"\n";
			showEnvVarsInLog = 0;
		};
		AF0D8B17B43ECB522A3EC4A4 /* [CP] Embed Pods Frameworks */ = {
			isa = PBXShellScriptBuildPhase;
			buildActionMask = 2147483647;
			files = (
			);
			inputFileListPaths = (
				"${PODS_ROOT}/Target Support Files/Pods-AltyCoreTests/Pods-AltyCoreTests-frameworks-${CONFIGURATION}-input-files.xcfilelist",
			);
			name = "[CP] Embed Pods Frameworks";
			outputFileListPaths = (
				"${PODS_ROOT}/Target Support Files/Pods-AltyCoreTests/Pods-AltyCoreTests-frameworks-${CONFIGURATION}-output-files.xcfilelist",
			);
			runOnlyForDeploymentPostprocessing = 0;
			shellPath = /bin/sh;
			shellScript = "\"${PODS_ROOT}/Target Support Files/Pods-AltyCoreTests/Pods-AltyCoreTests-frameworks.sh\"\n";
			showEnvVarsInLog = 0;
		};
		B23AAD715EDF4376FABE8A76 /* [CP] Check Pods Manifest.lock */ = {
			isa = PBXShellScriptBuildPhase;
			buildActionMask = 2147483647;
			files = (
			);
			inputFileListPaths = (
			);
			inputPaths = (
				"${PODS_PODFILE_DIR_PATH}/Podfile.lock",
				"${PODS_ROOT}/Manifest.lock",
			);
			name = "[CP] Check Pods Manifest.lock";
			outputFileListPaths = (
			);
			outputPaths = (
				"$(DERIVED_FILE_DIR)/Pods-AltyCore-checkManifestLockResult.txt",
			);
			runOnlyForDeploymentPostprocessing = 0;
			shellPath = /bin/sh;
			shellScript = "diff \"${PODS_PODFILE_DIR_PATH}/Podfile.lock\" \"${PODS_ROOT}/Manifest.lock\" > /dev/null\nif [ $? != 0 ] ; then\n    # print error to STDERR\n    echo \"error: The sandbox is not in sync with the Podfile.lock. Run 'pod install' or update your CocoaPods installation.\" >&2\n    exit 1\nfi\n# This output is used by Xcode 'outputs' to avoid re-running this script phase.\necho \"SUCCESS\" > \"${SCRIPT_OUTPUT_FILE_0}\"\n";
			showEnvVarsInLog = 0;
		};
/* End PBXShellScriptBuildPhase section */

/* Begin PBXSourcesBuildPhase section */
		C31C7A4923B4EE0D00F17226 /* Sources */ = {
			isa = PBXSourcesBuildPhase;
			buildActionMask = 2147483647;
			files = (
				C3E15D8A23C5E7CB0089457E /* CentrifugeBuilder.swift in Sources */,
				D97F65C223C1F53100392C3E /* CDPersistenceStoreTests.swift in Sources */,
				D97F65C623C1F56B00392C3E /* mock-model.xcdatamodeld in Sources */,
				D97F65BB23C1E9F000392C3E /* UserDefaultsProviderTests.swift in Sources */,
				C3E15D8823C5E7CB0089457E /* CentrifugeService.swift in Sources */,
			);
			runOnlyForDeploymentPostprocessing = 0;
		};
		C3A88A6423B25C38006D7ACB /* Sources */ = {
			isa = PBXSourcesBuildPhase;
			buildActionMask = 2147483647;
			files = (
				C3A88AA023B27B52006D7ACB /* CDPersistenceStore.swift in Sources */,
				C3E15D8723C5E7CB0089457E /* CentrifugeService.swift in Sources */,
				C3D106C723B4E55B002360E0 /* StorageKey.swift in Sources */,
				C3A88AA923B27BDB006D7ACB /* MultitaskUIHandler.swift in Sources */,
				C3A88A9823B27B0E006D7ACB /* SecureStorageProvider.swift in Sources */,
				87532FAC23C766AE00613078 /* SwinjectStoryboard+Convenience.swift in Sources */,
				87532FAF23C76A7100613078 /* ModuleFactory.swift in Sources */,
				C3E15D8923C5E7CB0089457E /* CentrifugeBuilder.swift in Sources */,
				C3A88AA523B27BC6006D7ACB /* KeyboardVisibilityObserver.swift in Sources */,
				D97F65BC23C1EEC100392C3E /* UserDefaultProvider.swift in Sources */,
				C3A88AA123B27B52006D7ACB /* CDPersistenceStoreAdapter.swift in Sources */,
				C3A88AA723B27BCE006D7ACB /* BiometricAuthService.swift in Sources */,
				D97F65BD23C1EED300392C3E /* ConnectivityService.swift in Sources */,
				C3A88AA323B27BB1006D7ACB /* NotificationCenterService.swift in Sources */,
			);
			runOnlyForDeploymentPostprocessing = 0;
		};
/* End PBXSourcesBuildPhase section */

/* Begin PBXTargetDependency section */
		C31C7A5423B4EE0D00F17226 /* PBXTargetDependency */ = {
			isa = PBXTargetDependency;
			target = C3A88A6723B25C38006D7ACB /* AltyCore */;
			targetProxy = C31C7A5323B4EE0D00F17226 /* PBXContainerItemProxy */;
		};
/* End PBXTargetDependency section */

/* Begin XCBuildConfiguration section */
		C31C7A5523B4EE0D00F17226 /* Debug */ = {
			isa = XCBuildConfiguration;
			baseConfigurationReference = F1B3D1C2CF941A91FA6704B7 /* Pods-AltyCoreTests.debug.xcconfig */;
			buildSettings = {
				CODE_SIGN_STYLE = Automatic;
				INFOPLIST_FILE = AltyCoreTests/Info.plist;
				LD_RUNPATH_SEARCH_PATHS = (
					"$(inherited)",
					"@executable_path/Frameworks",
					"@loader_path/Frameworks",
				);
				PRODUCT_BUNDLE_IDENTIFIER = com.pocket.rocket.AltyCoreTests;
				PRODUCT_NAME = "$(TARGET_NAME)";
				SWIFT_VERSION = 5.0;
				TARGETED_DEVICE_FAMILY = "1,2";
			};
			name = Debug;
		};
		C31C7A5623B4EE0D00F17226 /* Release */ = {
			isa = XCBuildConfiguration;
			baseConfigurationReference = 5ABEF9829DE8D4EFAD012ADC /* Pods-AltyCoreTests.release.xcconfig */;
			buildSettings = {
				CODE_SIGN_STYLE = Automatic;
				INFOPLIST_FILE = AltyCoreTests/Info.plist;
				LD_RUNPATH_SEARCH_PATHS = (
					"$(inherited)",
					"@executable_path/Frameworks",
					"@loader_path/Frameworks",
				);
				PRODUCT_BUNDLE_IDENTIFIER = com.pocket.rocket.AltyCoreTests;
				PRODUCT_NAME = "$(TARGET_NAME)";
				SWIFT_VERSION = 5.0;
				TARGETED_DEVICE_FAMILY = "1,2";
			};
			name = Release;
		};
		C3A88A6E23B25C38006D7ACB /* Debug */ = {
			isa = XCBuildConfiguration;
			buildSettings = {
				ALWAYS_SEARCH_USER_PATHS = NO;
				CLANG_ANALYZER_NONNULL = YES;
				CLANG_ANALYZER_NUMBER_OBJECT_CONVERSION = YES_AGGRESSIVE;
				CLANG_CXX_LANGUAGE_STANDARD = "gnu++14";
				CLANG_CXX_LIBRARY = "libc++";
				CLANG_ENABLE_MODULES = YES;
				CLANG_ENABLE_OBJC_ARC = YES;
				CLANG_ENABLE_OBJC_WEAK = YES;
				CLANG_WARN_BLOCK_CAPTURE_AUTORELEASING = YES;
				CLANG_WARN_BOOL_CONVERSION = YES;
				CLANG_WARN_COMMA = YES;
				CLANG_WARN_CONSTANT_CONVERSION = YES;
				CLANG_WARN_DEPRECATED_OBJC_IMPLEMENTATIONS = YES;
				CLANG_WARN_DIRECT_OBJC_ISA_USAGE = YES_ERROR;
				CLANG_WARN_DOCUMENTATION_COMMENTS = YES;
				CLANG_WARN_EMPTY_BODY = YES;
				CLANG_WARN_ENUM_CONVERSION = YES;
				CLANG_WARN_INFINITE_RECURSION = YES;
				CLANG_WARN_INT_CONVERSION = YES;
				CLANG_WARN_NON_LITERAL_NULL_CONVERSION = YES;
				CLANG_WARN_OBJC_IMPLICIT_RETAIN_SELF = YES;
				CLANG_WARN_OBJC_LITERAL_CONVERSION = YES;
				CLANG_WARN_OBJC_ROOT_CLASS = YES_ERROR;
				CLANG_WARN_RANGE_LOOP_ANALYSIS = YES;
				CLANG_WARN_STRICT_PROTOTYPES = YES;
				CLANG_WARN_SUSPICIOUS_MOVE = YES;
				CLANG_WARN_UNGUARDED_AVAILABILITY = YES_AGGRESSIVE;
				CLANG_WARN_UNREACHABLE_CODE = YES;
				CLANG_WARN__DUPLICATE_METHOD_MATCH = YES;
				COPY_PHASE_STRIP = NO;
				CURRENT_PROJECT_VERSION = 1;
				DEBUG_INFORMATION_FORMAT = dwarf;
				ENABLE_STRICT_OBJC_MSGSEND = YES;
				ENABLE_TESTABILITY = YES;
				GCC_C_LANGUAGE_STANDARD = gnu11;
				GCC_DYNAMIC_NO_PIC = NO;
				GCC_NO_COMMON_BLOCKS = YES;
				GCC_OPTIMIZATION_LEVEL = 0;
				GCC_PREPROCESSOR_DEFINITIONS = (
					"DEBUG=1",
					"$(inherited)",
				);
				GCC_WARN_64_TO_32_BIT_CONVERSION = YES;
				GCC_WARN_ABOUT_RETURN_TYPE = YES_ERROR;
				GCC_WARN_UNDECLARED_SELECTOR = YES;
				GCC_WARN_UNINITIALIZED_AUTOS = YES_AGGRESSIVE;
				GCC_WARN_UNUSED_FUNCTION = YES;
				GCC_WARN_UNUSED_VARIABLE = YES;
				IPHONEOS_DEPLOYMENT_TARGET = 13.2;
				MTL_ENABLE_DEBUG_INFO = INCLUDE_SOURCE;
				MTL_FAST_MATH = YES;
				ONLY_ACTIVE_ARCH = YES;
				SDKROOT = iphoneos;
				SWIFT_ACTIVE_COMPILATION_CONDITIONS = DEBUG;
				SWIFT_OPTIMIZATION_LEVEL = "-Onone";
				VERSIONING_SYSTEM = "apple-generic";
				VERSION_INFO_PREFIX = "";
			};
			name = Debug;
		};
		C3A88A6F23B25C38006D7ACB /* Release */ = {
			isa = XCBuildConfiguration;
			buildSettings = {
				ALWAYS_SEARCH_USER_PATHS = NO;
				CLANG_ANALYZER_NONNULL = YES;
				CLANG_ANALYZER_NUMBER_OBJECT_CONVERSION = YES_AGGRESSIVE;
				CLANG_CXX_LANGUAGE_STANDARD = "gnu++14";
				CLANG_CXX_LIBRARY = "libc++";
				CLANG_ENABLE_MODULES = YES;
				CLANG_ENABLE_OBJC_ARC = YES;
				CLANG_ENABLE_OBJC_WEAK = YES;
				CLANG_WARN_BLOCK_CAPTURE_AUTORELEASING = YES;
				CLANG_WARN_BOOL_CONVERSION = YES;
				CLANG_WARN_COMMA = YES;
				CLANG_WARN_CONSTANT_CONVERSION = YES;
				CLANG_WARN_DEPRECATED_OBJC_IMPLEMENTATIONS = YES;
				CLANG_WARN_DIRECT_OBJC_ISA_USAGE = YES_ERROR;
				CLANG_WARN_DOCUMENTATION_COMMENTS = YES;
				CLANG_WARN_EMPTY_BODY = YES;
				CLANG_WARN_ENUM_CONVERSION = YES;
				CLANG_WARN_INFINITE_RECURSION = YES;
				CLANG_WARN_INT_CONVERSION = YES;
				CLANG_WARN_NON_LITERAL_NULL_CONVERSION = YES;
				CLANG_WARN_OBJC_IMPLICIT_RETAIN_SELF = YES;
				CLANG_WARN_OBJC_LITERAL_CONVERSION = YES;
				CLANG_WARN_OBJC_ROOT_CLASS = YES_ERROR;
				CLANG_WARN_RANGE_LOOP_ANALYSIS = YES;
				CLANG_WARN_STRICT_PROTOTYPES = YES;
				CLANG_WARN_SUSPICIOUS_MOVE = YES;
				CLANG_WARN_UNGUARDED_AVAILABILITY = YES_AGGRESSIVE;
				CLANG_WARN_UNREACHABLE_CODE = YES;
				CLANG_WARN__DUPLICATE_METHOD_MATCH = YES;
				COPY_PHASE_STRIP = NO;
				CURRENT_PROJECT_VERSION = 1;
				DEBUG_INFORMATION_FORMAT = "dwarf-with-dsym";
				ENABLE_NS_ASSERTIONS = NO;
				ENABLE_STRICT_OBJC_MSGSEND = YES;
				GCC_C_LANGUAGE_STANDARD = gnu11;
				GCC_NO_COMMON_BLOCKS = YES;
				GCC_WARN_64_TO_32_BIT_CONVERSION = YES;
				GCC_WARN_ABOUT_RETURN_TYPE = YES_ERROR;
				GCC_WARN_UNDECLARED_SELECTOR = YES;
				GCC_WARN_UNINITIALIZED_AUTOS = YES_AGGRESSIVE;
				GCC_WARN_UNUSED_FUNCTION = YES;
				GCC_WARN_UNUSED_VARIABLE = YES;
				IPHONEOS_DEPLOYMENT_TARGET = 13.2;
				MTL_ENABLE_DEBUG_INFO = NO;
				MTL_FAST_MATH = YES;
				SDKROOT = iphoneos;
				SWIFT_COMPILATION_MODE = wholemodule;
				SWIFT_OPTIMIZATION_LEVEL = "-O";
				VALIDATE_PRODUCT = YES;
				VERSIONING_SYSTEM = "apple-generic";
				VERSION_INFO_PREFIX = "";
			};
			name = Release;
		};
		C3A88A7123B25C38006D7ACB /* Debug */ = {
			isa = XCBuildConfiguration;
			baseConfigurationReference = 4970DF5B9AAA371FB314A4EB /* Pods-AltyCore.debug.xcconfig */;
			buildSettings = {
				CLANG_ENABLE_MODULES = YES;
				CODE_SIGN_STYLE = Automatic;
				DEFINES_MODULE = YES;
				DYLIB_COMPATIBILITY_VERSION = 1;
				DYLIB_CURRENT_VERSION = 1;
				DYLIB_INSTALL_NAME_BASE = "@rpath";
				INFOPLIST_FILE = "$(SRCROOT)/AltyCore/Supporting/Info.plist";
				INSTALL_PATH = "$(LOCAL_LIBRARY_DIR)/Frameworks";
				IPHONEOS_DEPLOYMENT_TARGET = 12.0;
				LD_RUNPATH_SEARCH_PATHS = (
					"$(inherited)",
					"@executable_path/Frameworks",
					"@loader_path/Frameworks",
				);
				MARKETING_VERSION = 0.0.9;
				PRODUCT_BUNDLE_IDENTIFIER = com.alty.Core;
				PRODUCT_NAME = "$(TARGET_NAME:c99extidentifier)";
				SKIP_INSTALL = YES;
				SUPPORTS_MACCATALYST = NO;
				SWIFT_OPTIMIZATION_LEVEL = "-Onone";
				SWIFT_VERSION = 5.0;
				TARGETED_DEVICE_FAMILY = "1,2";
			};
			name = Debug;
		};
		C3A88A7223B25C38006D7ACB /* Release */ = {
			isa = XCBuildConfiguration;
			baseConfigurationReference = 1DA1973DB8DB412A575B9B00 /* Pods-AltyCore.release.xcconfig */;
			buildSettings = {
				CLANG_ENABLE_MODULES = YES;
				CODE_SIGN_STYLE = Automatic;
				DEFINES_MODULE = YES;
				DYLIB_COMPATIBILITY_VERSION = 1;
				DYLIB_CURRENT_VERSION = 1;
				DYLIB_INSTALL_NAME_BASE = "@rpath";
				INFOPLIST_FILE = "$(SRCROOT)/AltyCore/Supporting/Info.plist";
				INSTALL_PATH = "$(LOCAL_LIBRARY_DIR)/Frameworks";
				IPHONEOS_DEPLOYMENT_TARGET = 12.0;
				LD_RUNPATH_SEARCH_PATHS = (
					"$(inherited)",
					"@executable_path/Frameworks",
					"@loader_path/Frameworks",
				);
				MARKETING_VERSION = 0.0.9;
				PRODUCT_BUNDLE_IDENTIFIER = com.alty.Core;
				PRODUCT_NAME = "$(TARGET_NAME:c99extidentifier)";
				SKIP_INSTALL = YES;
				SUPPORTS_MACCATALYST = NO;
				SWIFT_VERSION = 5.0;
				TARGETED_DEVICE_FAMILY = "1,2";
			};
			name = Release;
		};
/* End XCBuildConfiguration section */

/* Begin XCConfigurationList section */
		C31C7A5723B4EE0D00F17226 /* Build configuration list for PBXNativeTarget "AltyCoreTests" */ = {
			isa = XCConfigurationList;
			buildConfigurations = (
				C31C7A5523B4EE0D00F17226 /* Debug */,
				C31C7A5623B4EE0D00F17226 /* Release */,
			);
			defaultConfigurationIsVisible = 0;
			defaultConfigurationName = Release;
		};
		C3A88A6223B25C38006D7ACB /* Build configuration list for PBXProject "AltyCore" */ = {
			isa = XCConfigurationList;
			buildConfigurations = (
				C3A88A6E23B25C38006D7ACB /* Debug */,
				C3A88A6F23B25C38006D7ACB /* Release */,
			);
			defaultConfigurationIsVisible = 0;
			defaultConfigurationName = Release;
		};
		C3A88A7023B25C38006D7ACB /* Build configuration list for PBXNativeTarget "AltyCore" */ = {
			isa = XCConfigurationList;
			buildConfigurations = (
				C3A88A7123B25C38006D7ACB /* Debug */,
				C3A88A7223B25C38006D7ACB /* Release */,
			);
			defaultConfigurationIsVisible = 0;
			defaultConfigurationName = Release;
		};
/* End XCConfigurationList section */

/* Begin XCVersionGroup section */
		D97F65C423C1F56B00392C3E /* mock-model.xcdatamodeld */ = {
			isa = XCVersionGroup;
			children = (
				D97F65C523C1F56B00392C3E /* mock-model.xcdatamodel */,
			);
			currentVersion = D97F65C523C1F56B00392C3E /* mock-model.xcdatamodel */;
			path = "mock-model.xcdatamodeld";
			sourceTree = "<group>";
			versionGroupType = wrapper.xcdatamodel;
		};
/* End XCVersionGroup section */
	};
	rootObject = C3A88A5F23B25C38006D7ACB /* Project object */;
}
